
Microsoft Visual Studio Solution File, Format Version 12.00
# Visual Studio Version 17
VisualStudioVersion = 17.11.35312.102
MinimumVisualStudioVersion = 10.0.40219.1
Project("{2150E333-8FDC-42A3-9474-1A3956D46DE8}") = "Task0", "Task0", "{BA860EEF-F179-45E5-8A9A-FF565756A0E5}"
EndProject
Project("{9A19103F-16F7-4668-BE54-9A1E7A4F7556}") = "Tyuiu.KosyanovDV.Sprint5.Task0.V30", "Tyuiu.KosyanovDV.Sprint5.Task0.V30\Tyuiu.KosyanovDV.Sprint5.Task0.V30.csproj", "{BC8D86F0-9EBE-4442-8560-46AAD31D9518}"
EndProject
Project("{9A19103F-16F7-4668-BE54-9A1E7A4F7556}") = "Tyuiu.KosyanovDV.Sprint5.Task0.V30.Lib", "Tyuiu.KosyanovDV.Sprint5.Task0.V30.Lib\Tyuiu.KosyanovDV.Sprint5.Task0.V30.Lib.csproj", "{7E5C9F72-4813-479E-BCEC-9FA205177529}"
EndProject
Project("{9A19103F-16F7-4668-BE54-9A1E7A4F7556}") = "Tyuiu.KosyanovDV.Sprint5.Task0.V30.Test", "Tyuiu.KosyanovDV.Sprint5.Task0.V30.Test\Tyuiu.KosyanovDV.Sprint5.Task0.V30.Test.csproj", "{A31244F1-CD98-4B34-860C-C776ACB13A40}"
EndProject
Project("{9A19103F-16F7-4668-BE54-9A1E7A4F7556}") = "ConsoleApp1", "ConsoleApp1\ConsoleApp1.csproj", "{A13A75E7-CD30-4F98-918F-333DD6A45B4A}"
EndProject
Project("{2150E333-8FDC-42A3-9474-1A3956D46DE8}") = "Task1", "Task1", "{D4BBC2DA-CF2F-4D0C-90BA-B9C6CABCECA6}"
EndProject
Project("{9A19103F-16F7-4668-BE54-9A1E7A4F7556}") = "Tyuiu.KosyanovDV.Sprint5.Task1.V9", "Tyuiu.KosyanovDV.Sprint5.Task1.V9\Tyuiu.KosyanovDV.Sprint5.Task1.V9.csproj", "{A852C52B-21AF-449D-B1EA-290D8B6E0E1F}"
EndProject
Project("{9A19103F-16F7-4668-BE54-9A1E7A4F7556}") = "Tyuiu.KosyanovDV.Sprint5.Task1.V9.Lib", "Tyuiu.KosyanovDV.Sprint5.Task1.V9.Lib\Tyuiu.KosyanovDV.Sprint5.Task1.V9.Lib.csproj", "{BDE256DE-218D-4138-B3E9-C9BA499D9B23}"
EndProject
Project("{9A19103F-16F7-4668-BE54-9A1E7A4F7556}") = "Tyuiu.KosyanovDV.Sprint5.Task1.V9.Test", "Tyuiu.KosyanovDV.Sprint5.Task1.V9.Test\Tyuiu.KosyanovDV.Sprint5.Task1.V9.Test.csproj", "{9BE79CA3-B3DE-41FD-857E-E494D973D254}"
EndProject
Project("{2150E333-8FDC-42A3-9474-1A3956D46DE8}") = "Task2", "Task2", "{EAC205D5-EF54-4A48-A30A-A6DFAF7F085F}"
EndProject
Project("{FAE04EC0-301F-11D3-BF4B-00C04F79EFBC}") = "Tyuiu.KosyanovDV.Sprint5.Task2.V21", "Tyuiu.KosyanovDV.Sprint5.Task2.V21\Tyuiu.KosyanovDV.Sprint5.Task2.V21.csproj", "{6D69550A-AE86-48BA-A9A4-D05CC5803861}"
EndProject
Project("{FAE04EC0-301F-11D3-BF4B-00C04F79EFBC}") = "Tyuiu.KosyanovDV.Sprint5.Task2.V21.Test", "Tyuiu.KosyanovDV.Sprint5.Task2.V21.Test\Tyuiu.KosyanovDV.Sprint5.Task2.V21.Test.csproj", "{2853F71A-CCAA-476C-A35A-EF4BA28B95B8}"
EndProject
Project("{FAE04EC0-301F-11D3-BF4B-00C04F79EFBC}") = "Tyuiu.KosyanovDV.Sprint5.Task2.V21.Lib", "Tyuiu.KosyanovDV.Sprint5.Task2.V21.Lib\Tyuiu.KosyanovDV.Sprint5.Task2.V21.Lib.csproj", "{0C780C16-2B22-47BC-9423-87FF54B79FD4}"
EndProject
Project("{2150E333-8FDC-42A3-9474-1A3956D46DE8}") = "Task3", "Task3", "{C040ACF2-69BE-456A-B3F0-78818B5A1A6E}"
EndProject
Project("{FAE04EC0-301F-11D3-BF4B-00C04F79EFBC}") = "Tyuiu.KosyanovDV.Sprint5.Task3.V4", "Tyuiu.KosyanovDV.Sprint5.Task3.V4\Tyuiu.KosyanovDV.Sprint5.Task3.V4.csproj", "{5D330F43-BEE5-4E9D-A83C-C3C6F92CB069}"
EndProject
Project("{FAE04EC0-301F-11D3-BF4B-00C04F79EFBC}") = "Tyuiu.KosyanovDV.Sprint5.Task3.V4.Lib", "Tyuiu.KosyanovDV.Sprint5.Task3.V4.Lib\Tyuiu.KosyanovDV.Sprint5.Task3.V4.Lib.csproj", "{593940F8-7301-4B90-897C-F48BB0FF0EB6}"
EndProject
Project("{FAE04EC0-301F-11D3-BF4B-00C04F79EFBC}") = "Tyuiu.KosyanovDV.Sprint5.Task3.V4.Test", "Tyuiu.KosyanovDV.Sprint5.Task3.V4.Test\Tyuiu.KosyanovDV.Sprint5.Task3.V4.Test.csproj", "{7BF38CDA-A054-4283-AF94-EBDDB4553804}"
EndProject
Project("{2150E333-8FDC-42A3-9474-1A3956D46DE8}") = "Task4", "Task4", "{7EF82BFB-0290-4E84-A043-E4496DA7849C}"
EndProject
Project("{FAE04EC0-301F-11D3-BF4B-00C04F79EFBC}") = "Tyuiu.KosyanovDV.Sprint5.Task4.V15", "Tyuiu.KosyanovDV.Sprint5.Task4.V15\Tyuiu.KosyanovDV.Sprint5.Task4.V15.csproj", "{6E140B1F-3EED-49CB-914D-9C59C9134F7F}"
EndProject
Project("{FAE04EC0-301F-11D3-BF4B-00C04F79EFBC}") = "Tyuiu.KosyanovDV.Sprint5.Task4.V15.Lib", "Tyuiu.KosyanovDV.Sprint5.Task4.V15.Lib\Tyuiu.KosyanovDV.Sprint5.Task4.V15.Lib.csproj", "{697A6620-9037-403E-891D-C942DA8C7265}"
EndProject
Project("{FAE04EC0-301F-11D3-BF4B-00C04F79EFBC}") = "Tyuiu.KosyanovDV.Sprint5.Task4.V15.Test", "Tyuiu.KosyanovDV.Sprint5.Task4.V15.Test\Tyuiu.KosyanovDV.Sprint5.Task4.V15.Test.csproj", "{163BB2E4-939C-4B5A-9D90-A42F9B4B2AFB}"
EndProject
Project("{2150E333-8FDC-42A3-9474-1A3956D46DE8}") = "Task5", "Task5", "{7C3BC354-520E-4B33-90A0-9FF46BD64AA2}"
EndProject
Project("{FAE04EC0-301F-11D3-BF4B-00C04F79EFBC}") = "Tyuiu.KosyanovDV.Sprint5.Task5.V22", "Tyuiu.KosyanovDV.Sprint5.Task5.V22\Tyuiu.KosyanovDV.Sprint5.Task5.V22.csproj", "{6A610D1B-DF90-47CA-BE0B-980B190BA0C7}"
EndProject
Project("{FAE04EC0-301F-11D3-BF4B-00C04F79EFBC}") = "Tyuiu.KosyanovDV.Sprint5.Task5.V22.Lib", "Tyuiu.KosyanovDV.Sprint5.Task5.V22.Lib\Tyuiu.KosyanovDV.Sprint5.Task5.V22.Lib.csproj", "{C8A72977-04E3-4C34-A361-990163271812}"
EndProject
Project("{FAE04EC0-301F-11D3-BF4B-00C04F79EFBC}") = "Tyuiu.KosyanovDV.Sprint5.Task5.V22.Test", "Tyuiu.KosyanovDV.Sprint5.Task5.V22.Test\Tyuiu.KosyanovDV.Sprint5.Task5.V22.Test.csproj", "{0E7E0B9E-F8A7-4398-88A3-792A68A063BE}"
EndProject
Global
	GlobalSection(SolutionConfigurationPlatforms) = preSolution
		Debug|Any CPU = Debug|Any CPU
		Release|Any CPU = Release|Any CPU
	EndGlobalSection
	GlobalSection(ProjectConfigurationPlatforms) = postSolution
		{BC8D86F0-9EBE-4442-8560-46AAD31D9518}.Debug|Any CPU.ActiveCfg = Debug|Any CPU
		{BC8D86F0-9EBE-4442-8560-46AAD31D9518}.Debug|Any CPU.Build.0 = Debug|Any CPU
		{BC8D86F0-9EBE-4442-8560-46AAD31D9518}.Release|Any CPU.ActiveCfg = Release|Any CPU
		{BC8D86F0-9EBE-4442-8560-46AAD31D9518}.Release|Any CPU.Build.0 = Release|Any CPU
		{7E5C9F72-4813-479E-BCEC-9FA205177529}.Debug|Any CPU.ActiveCfg = Debug|Any CPU
		{7E5C9F72-4813-479E-BCEC-9FA205177529}.Debug|Any CPU.Build.0 = Debug|Any CPU
		{7E5C9F72-4813-479E-BCEC-9FA205177529}.Release|Any CPU.ActiveCfg = Release|Any CPU
		{7E5C9F72-4813-479E-BCEC-9FA205177529}.Release|Any CPU.Build.0 = Release|Any CPU
		{A31244F1-CD98-4B34-860C-C776ACB13A40}.Debug|Any CPU.ActiveCfg = Debug|Any CPU
		{A31244F1-CD98-4B34-860C-C776ACB13A40}.Debug|Any CPU.Build.0 = Debug|Any CPU
		{A31244F1-CD98-4B34-860C-C776ACB13A40}.Release|Any CPU.ActiveCfg = Release|Any CPU
		{A31244F1-CD98-4B34-860C-C776ACB13A40}.Release|Any CPU.Build.0 = Release|Any CPU
		{A13A75E7-CD30-4F98-918F-333DD6A45B4A}.Debug|Any CPU.ActiveCfg = Debug|Any CPU
		{A13A75E7-CD30-4F98-918F-333DD6A45B4A}.Debug|Any CPU.Build.0 = Debug|Any CPU
		{A13A75E7-CD30-4F98-918F-333DD6A45B4A}.Release|Any CPU.ActiveCfg = Release|Any CPU
		{A13A75E7-CD30-4F98-918F-333DD6A45B4A}.Release|Any CPU.Build.0 = Release|Any CPU
		{A852C52B-21AF-449D-B1EA-290D8B6E0E1F}.Debug|Any CPU.ActiveCfg = Debug|Any CPU
		{A852C52B-21AF-449D-B1EA-290D8B6E0E1F}.Debug|Any CPU.Build.0 = Debug|Any CPU
		{A852C52B-21AF-449D-B1EA-290D8B6E0E1F}.Release|Any CPU.ActiveCfg = Release|Any CPU
		{A852C52B-21AF-449D-B1EA-290D8B6E0E1F}.Release|Any CPU.Build.0 = Release|Any CPU
		{BDE256DE-218D-4138-B3E9-C9BA499D9B23}.Debug|Any CPU.ActiveCfg = Debug|Any CPU
		{BDE256DE-218D-4138-B3E9-C9BA499D9B23}.Debug|Any CPU.Build.0 = Debug|Any CPU
		{BDE256DE-218D-4138-B3E9-C9BA499D9B23}.Release|Any CPU.ActiveCfg = Release|Any CPU
		{BDE256DE-218D-4138-B3E9-C9BA499D9B23}.Release|Any CPU.Build.0 = Release|Any CPU
		{9BE79CA3-B3DE-41FD-857E-E494D973D254}.Debug|Any CPU.ActiveCfg = Debug|Any CPU
		{9BE79CA3-B3DE-41FD-857E-E494D973D254}.Debug|Any CPU.Build.0 = Debug|Any CPU
		{9BE79CA3-B3DE-41FD-857E-E494D973D254}.Release|Any CPU.ActiveCfg = Release|Any CPU
		{9BE79CA3-B3DE-41FD-857E-E494D973D254}.Release|Any CPU.Build.0 = Release|Any CPU
		{6D69550A-AE86-48BA-A9A4-D05CC5803861}.Debug|Any CPU.ActiveCfg = Debug|Any CPU
		{6D69550A-AE86-48BA-A9A4-D05CC5803861}.Debug|Any CPU.Build.0 = Debug|Any CPU
		{6D69550A-AE86-48BA-A9A4-D05CC5803861}.Release|Any CPU.ActiveCfg = Release|Any CPU
		{6D69550A-AE86-48BA-A9A4-D05CC5803861}.Release|Any CPU.Build.0 = Release|Any CPU
		{2853F71A-CCAA-476C-A35A-EF4BA28B95B8}.Debug|Any CPU.ActiveCfg = Debug|Any CPU
		{2853F71A-CCAA-476C-A35A-EF4BA28B95B8}.Debug|Any CPU.Build.0 = Debug|Any CPU
		{2853F71A-CCAA-476C-A35A-EF4BA28B95B8}.Release|Any CPU.ActiveCfg = Release|Any CPU
		{2853F71A-CCAA-476C-A35A-EF4BA28B95B8}.Release|Any CPU.Build.0 = Release|Any CPU
		{0C780C16-2B22-47BC-9423-87FF54B79FD4}.Debug|Any CPU.ActiveCfg = Debug|Any CPU
		{0C780C16-2B22-47BC-9423-87FF54B79FD4}.Debug|Any CPU.Build.0 = Debug|Any CPU
		{0C780C16-2B22-47BC-9423-87FF54B79FD4}.Release|Any CPU.ActiveCfg = Release|Any CPU
		{0C780C16-2B22-47BC-9423-87FF54B79FD4}.Release|Any CPU.Build.0 = Release|Any CPU
		{5D330F43-BEE5-4E9D-A83C-C3C6F92CB069}.Debug|Any CPU.ActiveCfg = Debug|Any CPU
		{5D330F43-BEE5-4E9D-A83C-C3C6F92CB069}.Debug|Any CPU.Build.0 = Debug|Any CPU
		{5D330F43-BEE5-4E9D-A83C-C3C6F92CB069}.Release|Any CPU.ActiveCfg = Release|Any CPU
		{5D330F43-BEE5-4E9D-A83C-C3C6F92CB069}.Release|Any CPU.Build.0 = Release|Any CPU
		{593940F8-7301-4B90-897C-F48BB0FF0EB6}.Debug|Any CPU.ActiveCfg = Debug|Any CPU
		{593940F8-7301-4B90-897C-F48BB0FF0EB6}.Debug|Any CPU.Build.0 = Debug|Any CPU
		{593940F8-7301-4B90-897C-F48BB0FF0EB6}.Release|Any CPU.ActiveCfg = Release|Any CPU
		{593940F8-7301-4B90-897C-F48BB0FF0EB6}.Release|Any CPU.Build.0 = Release|Any CPU
		{7BF38CDA-A054-4283-AF94-EBDDB4553804}.Debug|Any CPU.ActiveCfg = Debug|Any CPU
		{7BF38CDA-A054-4283-AF94-EBDDB4553804}.Debug|Any CPU.Build.0 = Debug|Any CPU
		{7BF38CDA-A054-4283-AF94-EBDDB4553804}.Release|Any CPU.ActiveCfg = Release|Any CPU
		{7BF38CDA-A054-4283-AF94-EBDDB4553804}.Release|Any CPU.Build.0 = Release|Any CPU
		{6E140B1F-3EED-49CB-914D-9C59C9134F7F}.Debug|Any CPU.ActiveCfg = Debug|Any CPU
		{6E140B1F-3EED-49CB-914D-9C59C9134F7F}.Debug|Any CPU.Build.0 = Debug|Any CPU
		{6E140B1F-3EED-49CB-914D-9C59C9134F7F}.Release|Any CPU.ActiveCfg = Release|Any CPU
		{6E140B1F-3EED-49CB-914D-9C59C9134F7F}.Release|Any CPU.Build.0 = Release|Any CPU
		{697A6620-9037-403E-891D-C942DA8C7265}.Debug|Any CPU.ActiveCfg = Debug|Any CPU
		{697A6620-9037-403E-891D-C942DA8C7265}.Debug|Any CPU.Build.0 = Debug|Any CPU
		{697A6620-9037-403E-891D-C942DA8C7265}.Release|Any CPU.ActiveCfg = Release|Any CPU
		{697A6620-9037-403E-891D-C942DA8C7265}.Release|Any CPU.Build.0 = Release|Any CPU
		{163BB2E4-939C-4B5A-9D90-A42F9B4B2AFB}.Debug|Any CPU.ActiveCfg = Debug|Any CPU
		{163BB2E4-939C-4B5A-9D90-A42F9B4B2AFB}.Debug|Any CPU.Build.0 = Debug|Any CPU
		{163BB2E4-939C-4B5A-9D90-A42F9B4B2AFB}.Release|Any CPU.ActiveCfg = Release|Any CPU
		{163BB2E4-939C-4B5A-9D90-A42F9B4B2AFB}.Release|Any CPU.Build.0 = Release|Any CPU
		{6A610D1B-DF90-47CA-BE0B-980B190BA0C7}.Debug|Any CPU.ActiveCfg = Debug|Any CPU
		{6A610D1B-DF90-47CA-BE0B-980B190BA0C7}.Debug|Any CPU.Build.0 = Debug|Any CPU
		{6A610D1B-DF90-47CA-BE0B-980B190BA0C7}.Release|Any CPU.ActiveCfg = Release|Any CPU
		{6A610D1B-DF90-47CA-BE0B-980B190BA0C7}.Release|Any CPU.Build.0 = Release|Any CPU
		{C8A72977-04E3-4C34-A361-990163271812}.Debug|Any CPU.ActiveCfg = Debug|Any CPU
		{C8A72977-04E3-4C34-A361-990163271812}.Debug|Any CPU.Build.0 = Debug|Any CPU
		{C8A72977-04E3-4C34-A361-990163271812}.Release|Any CPU.ActiveCfg = Release|Any CPU
		{C8A72977-04E3-4C34-A361-990163271812}.Release|Any CPU.Build.0 = Release|Any CPU
		{0E7E0B9E-F8A7-4398-88A3-792A68A063BE}.Debug|Any CPU.ActiveCfg = Debug|Any CPU
		{0E7E0B9E-F8A7-4398-88A3-792A68A063BE}.Debug|Any CPU.Build.0 = Debug|Any CPU
		{0E7E0B9E-F8A7-4398-88A3-792A68A063BE}.Release|Any CPU.ActiveCfg = Release|Any CPU
		{0E7E0B9E-F8A7-4398-88A3-792A68A063BE}.Release|Any CPU.Build.0 = Release|Any CPU
	EndGlobalSection
	GlobalSection(SolutionProperties) = preSolution
		HideSolutionNode = FALSE
	EndGlobalSection
	GlobalSection(NestedProjects) = preSolution
		{BC8D86F0-9EBE-4442-8560-46AAD31D9518} = {BA860EEF-F179-45E5-8A9A-FF565756A0E5}
		{7E5C9F72-4813-479E-BCEC-9FA205177529} = {BA860EEF-F179-45E5-8A9A-FF565756A0E5}
		{A31244F1-CD98-4B34-860C-C776ACB13A40} = {BA860EEF-F179-45E5-8A9A-FF565756A0E5}
		{A852C52B-21AF-449D-B1EA-290D8B6E0E1F} = {D4BBC2DA-CF2F-4D0C-90BA-B9C6CABCECA6}
		{BDE256DE-218D-4138-B3E9-C9BA499D9B23} = {D4BBC2DA-CF2F-4D0C-90BA-B9C6CABCECA6}
		{9BE79CA3-B3DE-41FD-857E-E494D973D254} = {D4BBC2DA-CF2F-4D0C-90BA-B9C6CABCECA6}
		{6D69550A-AE86-48BA-A9A4-D05CC5803861} = {EAC205D5-EF54-4A48-A30A-A6DFAF7F085F}
		{2853F71A-CCAA-476C-A35A-EF4BA28B95B8} = {EAC205D5-EF54-4A48-A30A-A6DFAF7F085F}
		{0C780C16-2B22-47BC-9423-87FF54B79FD4} = {EAC205D5-EF54-4A48-A30A-A6DFAF7F085F}
		{5D330F43-BEE5-4E9D-A83C-C3C6F92CB069} = {C040ACF2-69BE-456A-B3F0-78818B5A1A6E}
		{593940F8-7301-4B90-897C-F48BB0FF0EB6} = {C040ACF2-69BE-456A-B3F0-78818B5A1A6E}
		{7BF38CDA-A054-4283-AF94-EBDDB4553804} = {C040ACF2-69BE-456A-B3F0-78818B5A1A6E}
		{6E140B1F-3EED-49CB-914D-9C59C9134F7F} = {7EF82BFB-0290-4E84-A043-E4496DA7849C}
		{697A6620-9037-403E-891D-C942DA8C7265} = {7EF82BFB-0290-4E84-A043-E4496DA7849C}
		{163BB2E4-939C-4B5A-9D90-A42F9B4B2AFB} = {7EF82BFB-0290-4E84-A043-E4496DA7849C}
		{6A610D1B-DF90-47CA-BE0B-980B190BA0C7} = {7C3BC354-520E-4B33-90A0-9FF46BD64AA2}
		{C8A72977-04E3-4C34-A361-990163271812} = {7C3BC354-520E-4B33-90A0-9FF46BD64AA2}
		{0E7E0B9E-F8A7-4398-88A3-792A68A063BE} = {7C3BC354-520E-4B33-90A0-9FF46BD64AA2}
	EndGlobalSection
	GlobalSection(ExtensibilityGlobals) = postSolution
		SolutionGuid = {E6818F36-B19C-461B-9303-71A6E70C661B}
	EndGlobalSection
EndGlobal
